
Microsoft Visual Studio Solution File, Format Version 12.00
# Visual Studio Version 17
VisualStudioVersion = 17.7.34003.232
MinimumVisualStudioVersion = 10.0.40219.1
Project("{FAE04EC0-301F-11D3-BF4B-00C04F79EFBC}") = "QrCodeScanner.Android", "QrCodeScanner\QrCodeScanner.Android\QrCodeScanner.Android.csproj", "{C994D13E-4AC0-453E-8785-9B36A8C7725F}"
EndProject
Project("{FAE04EC0-301F-11D3-BF4B-00C04F79EFBC}") = "QrCodeScanner", "QrCodeScanner\QrCodeScanner\QrCodeScanner.csproj", "{04C85361-6C1B-4CEA-B26C-565EDFB47E91}"
EndProject
Global
	GlobalSection(SolutionConfigurationPlatforms) = preSolution
		Debug|Any CPU = Debug|Any CPU
		Release|Any CPU = Release|Any CPU
	EndGlobalSection
	GlobalSection(ProjectConfigurationPlatforms) = postSolution
		{C994D13E-4AC0-453E-8785-9B36A8C7725F}.Debug|Any CPU.ActiveCfg = Debug|Any CPU
		{C994D13E-4AC0-453E-8785-9B36A8C7725F}.Debug|Any CPU.Build.0 = Debug|Any CPU
		{C994D13E-4AC0-453E-8785-9B36A8C7725F}.Debug|Any CPU.Deploy.0 = Debug|Any CPU
		{C994D13E-4AC0-453E-8785-9B36A8C7725F}.Release|Any CPU.ActiveCfg = Release|Any CPU
		{C994D13E-4AC0-453E-8785-9B36A8C7725F}.Release|Any CPU.Build.0 = Release|Any CPU
		{C994D13E-4AC0-453E-8785-9B36A8C7725F}.Release|Any CPU.Deploy.0 = Release|Any CPU
		{04C85361-6C1B-4CEA-B26C-565EDFB47E91}.Debug|Any CPU.ActiveCfg = Debug|Any CPU
		{04C85361-6C1B-4CEA-B26C-565EDFB47E91}.Debug|Any CPU.Build.0 = Debug|Any CPU
		{04C85361-6C1B-4CEA-B26C-565EDFB47E91}.Debug|Any CPU.Deploy.0 = Debug|Any CPU
		{04C85361-6C1B-4CEA-B26C-565EDFB47E91}.Release|Any CPU.ActiveCfg = Release|Any CPU
		{04C85361-6C1B-4CEA-B26C-565EDFB47E91}.Release|Any CPU.Build.0 = Release|Any CPU
		{04C85361-6C1B-4CEA-B26C-565EDFB47E91}.Release|Any CPU.Deploy.0 = Release|Any CPU
	EndGlobalSection
	GlobalSection(SolutionProperties) = preSolution
		HideSolutionNode = FALSE
	EndGlobalSection
	GlobalSection(ExtensibilityGlobals) = postSolution
		SolutionGuid = {AE630E5B-9B3A-4390-87E5-19AE2D7AC235}
	EndGlobalSection
EndGlobal
